
Microsoft Visual Studio Solution File, Format Version 12.00
# Visual Studio Version 16
VisualStudioVersion = 16.0.30611.23
MinimumVisualStudioVersion = 10.0.40219.1
Project("{FAE04EC0-301F-11D3-BF4B-00C04F79EFBC}") = "asansoroyunu", "asansoroyunu\asansoroyunu.csproj", "{65105798-2994-4C43-BE85-EAEA199B2916}"
EndProject
Global
	GlobalSection(SolutionConfigurationPlatforms) = preSolution
		Debug|Any CPU = Debug|Any CPU
		Release|Any CPU = Release|Any CPU
	EndGlobalSection
	GlobalSection(ProjectConfigurationPlatforms) = postSolution
		{65105798-2994-4C43-BE85-EAEA199B2916}.Debug|Any CPU.ActiveCfg = Debug|Any CPU
		{65105798-2994-4C43-BE85-EAEA199B2916}.Debug|Any CPU.Build.0 = Debug|Any CPU
		{65105798-2994-4C43-BE85-EAEA199B2916}.Release|Any CPU.ActiveCfg = Release|Any CPU
		{65105798-2994-4C43-BE85-EAEA199B2916}.Release|Any CPU.Build.0 = Release|Any CPU
	EndGlobalSection
	GlobalSection(SolutionProperties) = preSolution
		HideSolutionNode = FALSE
	EndGlobalSection
	GlobalSection(ExtensibilityGlobals) = postSolution
		SolutionGuid = {51A7A33A-4537-467C-86D5-D2DD69C6D511}
	EndGlobalSection
EndGlobal
